github.com/slclub/goqueue v0.0.2 h1:8jkyqHXVQXDBj/s5Qq+krN7ZcNQmsvZGE3SOcmaz5bs=
github.com/slclub/goqueue v0.0.2/go.mod h1:EdU2xbNrM52cC4yDcYpffCOtwKNLvbMpkjUOjx8XoQM=
github.com/slclub/goqueue v0.0.3 h1:Q3FDjCdZQKzjTzl1IZDKE4rmHs/ENuhMc3TZS9ik+OQ=
github.com/slclub/goqueue v0.0.3/go.mod h1:EdU2xbNrM52cC4yDcYpffCOtwKNLvbMpkjUOjx8XoQM=
