github.com/slclub/goqueue v0.0.1 h1:2Lm53e98CZon9SBxreIXNZbFs3Zgx5RrTFQD25nYixo=
github.com/slclub/goqueue v0.0.1/go.mod h1:EdU2xbNrM52cC4yDcYpffCOtwKNLvbMpkjUOjx8XoQM=
github.com/slclub/goqueue v0.0.2 h1:8jkyqHXVQXDBj/s5Qq+krN7ZcNQmsvZGE3SOcmaz5bs=
github.com/slclub/goqueue v0.0.2/go.mod h1:EdU2xbNrM52cC4yDcYpffCOtwKNLvbMpkjUOjx8XoQM=
